
Microsoft Visual Studio Solution File, Format Version 12.00
# Visual Studio Version 17
VisualStudioVersion = 17.0.31919.166
MinimumVisualStudioVersion = 10.0.40219.1
Project("{FAE04EC0-301F-11D3-BF4B-00C04F79EFBC}") = "TestWeek8RubricaPresentation", "TestWeek8RubricaPresentation\TestWeek8RubricaPresentation.csproj", "{DE306786-76B8-44E1-9C90-C2D63EF47DB5}"
EndProject
Project("{FAE04EC0-301F-11D3-BF4B-00C04F79EFBC}") = "TestWeek8RubricaCore", "TestWeek8RubricaCore\TestWeek8RubricaCore.csproj", "{85384BCB-E0D2-4C91-B888-9829A4E7141A}"
EndProject
Project("{FAE04EC0-301F-11D3-BF4B-00C04F79EFBC}") = "TestWeek8RubricaRepositoryMOCK", "TestWeek8RubricaRepositoryMOCK\TestWeek8RubricaRepositoryMOCK.csproj", "{5E1B5BB7-EB0B-45F1-A594-AFB1852E35C3}"
EndProject
Global
	GlobalSection(SolutionConfigurationPlatforms) = preSolution
		Debug|Any CPU = Debug|Any CPU
		Release|Any CPU = Release|Any CPU
	EndGlobalSection
	GlobalSection(ProjectConfigurationPlatforms) = postSolution
		{DE306786-76B8-44E1-9C90-C2D63EF47DB5}.Debug|Any CPU.ActiveCfg = Debug|Any CPU
		{DE306786-76B8-44E1-9C90-C2D63EF47DB5}.Debug|Any CPU.Build.0 = Debug|Any CPU
		{DE306786-76B8-44E1-9C90-C2D63EF47DB5}.Release|Any CPU.ActiveCfg = Release|Any CPU
		{DE306786-76B8-44E1-9C90-C2D63EF47DB5}.Release|Any CPU.Build.0 = Release|Any CPU
		{85384BCB-E0D2-4C91-B888-9829A4E7141A}.Debug|Any CPU.ActiveCfg = Debug|Any CPU
		{85384BCB-E0D2-4C91-B888-9829A4E7141A}.Debug|Any CPU.Build.0 = Debug|Any CPU
		{85384BCB-E0D2-4C91-B888-9829A4E7141A}.Release|Any CPU.ActiveCfg = Release|Any CPU
		{85384BCB-E0D2-4C91-B888-9829A4E7141A}.Release|Any CPU.Build.0 = Release|Any CPU
		{5E1B5BB7-EB0B-45F1-A594-AFB1852E35C3}.Debug|Any CPU.ActiveCfg = Debug|Any CPU
		{5E1B5BB7-EB0B-45F1-A594-AFB1852E35C3}.Debug|Any CPU.Build.0 = Debug|Any CPU
		{5E1B5BB7-EB0B-45F1-A594-AFB1852E35C3}.Release|Any CPU.ActiveCfg = Release|Any CPU
		{5E1B5BB7-EB0B-45F1-A594-AFB1852E35C3}.Release|Any CPU.Build.0 = Release|Any CPU
	EndGlobalSection
	GlobalSection(SolutionProperties) = preSolution
		HideSolutionNode = FALSE
	EndGlobalSection
	GlobalSection(ExtensibilityGlobals) = postSolution
		SolutionGuid = {EA211CB6-AB1F-41E3-8977-FB77BEB28EDD}
	EndGlobalSection
EndGlobal
